
Microsoft Visual Studio Solution File, Format Version 11.00
# Visual Studio 2010
Project("{FAE04EC0-301F-11D3-BF4B-00C04F79EFBC}") = "Assembly-CSharp", "Assembly-CSharp.csproj", "{f9d2eba9-4a5e-cbd9-a68d-0946b3dc04a8}"
EndProject
Project("{FAE04EC0-301F-11D3-BF4B-00C04F79EFBC}") = "Assembly-CSharp-firstpass", "Assembly-CSharp-firstpass.csproj", "{59a8a0f9-1e66-790b-5718-247fc9852c29}"
EndProject
Project("{FAE04EC0-301F-11D3-BF4B-00C04F79EFBC}") = "Boxophobic.Utils.Scripts", "Boxophobic.Utils.Scripts.csproj", "{bdd0bfae-65a9-8bc9-82a5-de0b1c03a898}"
EndProject
Project("{FAE04EC0-301F-11D3-BF4B-00C04F79EFBC}") = "Assembly-CSharp-Editor-firstpass", "Assembly-CSharp-Editor-firstpass.csproj", "{303b9888-15b7-acde-9316-725334c7af30}"
EndProject
Project("{FAE04EC0-301F-11D3-BF4B-00C04F79EFBC}") = "Boxophobic.Utils.Editor", "Boxophobic.Utils.Editor.csproj", "{79f2f4ec-7b53-8d5d-e7e7-73b6247c9dfe}"
EndProject
Project("{FAE04EC0-301F-11D3-BF4B-00C04F79EFBC}") = "Boxophobic.SkyboxCubemapExtended.Editor", "Boxophobic.SkyboxCubemapExtended.Editor.csproj", "{e5611625-086e-300c-942d-cd45fd7de65c}"
EndProject
Project("{FAE04EC0-301F-11D3-BF4B-00C04F79EFBC}") = "Assembly-CSharp-Editor", "Assembly-CSharp-Editor.csproj", "{27e014c6-d2ba-e042-0a15-561ad082787d}"
EndProject
Global
	GlobalSection(SolutionConfigurationPlatforms) = preSolution
		Debug|Any CPU = Debug|Any CPU
	EndGlobalSection
	GlobalSection(ProjectConfigurationPlatforms) = postSolution
		{f9d2eba9-4a5e-cbd9-a68d-0946b3dc04a8}.Debug|Any CPU.ActiveCfg = Debug|Any CPU
		{f9d2eba9-4a5e-cbd9-a68d-0946b3dc04a8}.Debug|Any CPU.Build.0 = Debug|Any CPU
		{59a8a0f9-1e66-790b-5718-247fc9852c29}.Debug|Any CPU.ActiveCfg = Debug|Any CPU
		{59a8a0f9-1e66-790b-5718-247fc9852c29}.Debug|Any CPU.Build.0 = Debug|Any CPU
		{bdd0bfae-65a9-8bc9-82a5-de0b1c03a898}.Debug|Any CPU.ActiveCfg = Debug|Any CPU
		{bdd0bfae-65a9-8bc9-82a5-de0b1c03a898}.Debug|Any CPU.Build.0 = Debug|Any CPU
		{303b9888-15b7-acde-9316-725334c7af30}.Debug|Any CPU.ActiveCfg = Debug|Any CPU
		{303b9888-15b7-acde-9316-725334c7af30}.Debug|Any CPU.Build.0 = Debug|Any CPU
		{79f2f4ec-7b53-8d5d-e7e7-73b6247c9dfe}.Debug|Any CPU.ActiveCfg = Debug|Any CPU
		{79f2f4ec-7b53-8d5d-e7e7-73b6247c9dfe}.Debug|Any CPU.Build.0 = Debug|Any CPU
		{e5611625-086e-300c-942d-cd45fd7de65c}.Debug|Any CPU.ActiveCfg = Debug|Any CPU
		{e5611625-086e-300c-942d-cd45fd7de65c}.Debug|Any CPU.Build.0 = Debug|Any CPU
		{27e014c6-d2ba-e042-0a15-561ad082787d}.Debug|Any CPU.ActiveCfg = Debug|Any CPU
		{27e014c6-d2ba-e042-0a15-561ad082787d}.Debug|Any CPU.Build.0 = Debug|Any CPU
	EndGlobalSection
	GlobalSection(SolutionProperties) = preSolution
		HideSolutionNode = FALSE
	EndGlobalSection
EndGlobal
